{
  "name": "packaging",
  "lockfileVersion": 3,
  "requires": true,
  "packages": {
    "": {
      "dependencies": {
        "mystmd": "^1.1.26"
      }
    },
    "node_modules/mystmd": {
      "version": "1.1.26",
      "resolved": "https://registry.npmjs.org/mystmd/-/mystmd-1.1.26.tgz",
      "integrity": "sha512-/Tm6jB0O51tgrqKx7FxgY+wwPieGemfjapdQrO0cmDFg/1YAk5VPhOnXbPtcn+9qpu5Pfmus2MN5ePzAjwHgEQ==",
      "bin": {
        "myst": "dist/myst.cjs"
      }
    }
  }
}
